schema: '2.0'
stages:
  load_data:
    cmd: python src/Load_data.py --config=params.yaml
    deps:
    - path: data_given/winequality.csv
      md5: ccc8d3507eb151f53f760d36abdef888
      size: 91998
    - path: src/Load_data.py
      md5: ede97aaab258287435fef27a9054de62
      size: 746
    - path: src/get_data.py
      md5: d89298419c60619528eaae461aa3a755
      size: 766
    outs:
    - path: data/raw/winequality.csv
      md5: d98e8f2eca228c11c4de1cc96866a54d
      size: 93598
